
Microsoft Visual Studio Solution File, Format Version 12.00
# Visual Studio Version 16
VisualStudioVersion = 16.0.30002.166
MinimumVisualStudioVersion = 10.0.40219.1
Project("{FAE04EC0-301F-11D3-BF4B-00C04F79EFBC}") = "LittleExercices", "LittleExercices.csproj", "{BC5732A7-2B7C-4E0B-991F-32465CE3805F}"
EndProject
Global
	GlobalSection(SolutionConfigurationPlatforms) = preSolution
		Debug|Any CPU = Debug|Any CPU
		Release|Any CPU = Release|Any CPU
	EndGlobalSection
	GlobalSection(ProjectConfigurationPlatforms) = postSolution
		{BC5732A7-2B7C-4E0B-991F-32465CE3805F}.Debug|Any CPU.ActiveCfg = Debug|Any CPU
		{BC5732A7-2B7C-4E0B-991F-32465CE3805F}.Debug|Any CPU.Build.0 = Debug|Any CPU
		{BC5732A7-2B7C-4E0B-991F-32465CE3805F}.Release|Any CPU.ActiveCfg = Release|Any CPU
		{BC5732A7-2B7C-4E0B-991F-32465CE3805F}.Release|Any CPU.Build.0 = Release|Any CPU
	EndGlobalSection
	GlobalSection(SolutionProperties) = preSolution
		HideSolutionNode = FALSE
	EndGlobalSection
	GlobalSection(ExtensibilityGlobals) = postSolution
		SolutionGuid = {DC223A7F-6000-48DE-B75A-491A4717AD06}
	EndGlobalSection
EndGlobal
